
Microsoft Visual Studio Solution File, Format Version 12.00
# Visual Studio 15
VisualStudioVersion = 15.0.27703.2042
MinimumVisualStudioVersion = 10.0.40219.1
Project("{FAE04EC0-301F-11D3-BF4B-00C04F79EFBC}") = "PhoneBook", "PhoneBook\PhoneBook.csproj", "{BFB96B57-1117-40B1-8ECF-7AD54857E3A7}"
EndProject
Global
	GlobalSection(SolutionConfigurationPlatforms) = preSolution
		Debug|Any CPU = Debug|Any CPU
		Release|Any CPU = Release|Any CPU
	EndGlobalSection
	GlobalSection(ProjectConfigurationPlatforms) = postSolution
		{BFB96B57-1117-40B1-8ECF-7AD54857E3A7}.Debug|Any CPU.ActiveCfg = Debug|Any CPU
		{BFB96B57-1117-40B1-8ECF-7AD54857E3A7}.Debug|Any CPU.Build.0 = Debug|Any CPU
		{BFB96B57-1117-40B1-8ECF-7AD54857E3A7}.Release|Any CPU.ActiveCfg = Release|Any CPU
		{BFB96B57-1117-40B1-8ECF-7AD54857E3A7}.Release|Any CPU.Build.0 = Release|Any CPU
	EndGlobalSection
	GlobalSection(SolutionProperties) = preSolution
		HideSolutionNode = FALSE
	EndGlobalSection
	GlobalSection(ExtensibilityGlobals) = postSolution
		SolutionGuid = {038A8B52-252D-4390-A8B5-2EE9B4A09E78}
	EndGlobalSection
EndGlobal
